
Microsoft Visual Studio Solution File, Format Version 12.00
# Visual Studio Version 16
VisualStudioVersion = 16.0.29728.190
MinimumVisualStudioVersion = 10.0.40219.1
Project("{9A19103F-16F7-4668-BE54-9A1E7A4F7556}") = "db_chat", "db_chat\db_chat.csproj", "{E3BFB106-B135-4E6F-937B-D20F92874253}"
EndProject
Global
	GlobalSection(SolutionConfigurationPlatforms) = preSolution
		Debug|Any CPU = Debug|Any CPU
		Release|Any CPU = Release|Any CPU
	EndGlobalSection
	GlobalSection(ProjectConfigurationPlatforms) = postSolution
		{E3BFB106-B135-4E6F-937B-D20F92874253}.Debug|Any CPU.ActiveCfg = Debug|Any CPU
		{E3BFB106-B135-4E6F-937B-D20F92874253}.Debug|Any CPU.Build.0 = Debug|Any CPU
		{E3BFB106-B135-4E6F-937B-D20F92874253}.Release|Any CPU.ActiveCfg = Release|Any CPU
		{E3BFB106-B135-4E6F-937B-D20F92874253}.Release|Any CPU.Build.0 = Release|Any CPU
	EndGlobalSection
	GlobalSection(SolutionProperties) = preSolution
		HideSolutionNode = FALSE
	EndGlobalSection
	GlobalSection(ExtensibilityGlobals) = postSolution
		SolutionGuid = {572E5EC0-CEE2-494F-A1AC-D9A157D9C7CE}
	EndGlobalSection
EndGlobal
